# This file is automatically @generated by Poetry 1.8.3 and should not be changed by hand.

[[package]]
name = "holidays"
version = "0.65"
description = "Open World Holidays Framework"
optional = false
python-versions = ">=3.9"
files = [
    {file = "holidays-0.65-py3-none-any.whl", hash = "sha256:9fb957f6c2ac5b849e3473e000e0acfad4553215b575d43d6b60e09c47bb7897"},
    {file = "holidays-0.65.tar.gz", hash = "sha256:a20a4f0299b1ecd6238c8a62f622c637742ee3212b3abeb616a85686b99ea621"},
]

[package.dependencies]
python-dateutil = "*"

[[package]]
name = "python-dateutil"
version = "2.9.0.post0"
description = "Extensions to the standard Python datetime module"
optional = false
python-versions = "!=3.0.*,!=3.1.*,!=3.2.*,>=2.7"
files = [
    {file = "python-dateutil-2.9.0.post0.tar.gz", hash = "sha256:37dd54208da7e1cd875388217d5e00ebd4179249f90fb72437e91a35459a0ad3"},
    {file = "python_dateutil-2.9.0.post0-py2.py3-none-any.whl", hash = "sha256:a8b2bc7bffae282281c8140a97d3aa9c14da0b136dfe83f850eea9a5f7470427"},
]

[package.dependencies]
six = ">=1.5"

[[package]]
name = "six"
version = "1.17.0"
description = "Python 2 and 3 compatibility utilities"
optional = false
python-versions = "!=3.0.*,!=3.1.*,!=3.2.*,>=2.7"
files = [
    {file = "six-1.17.0-py2.py3-none-any.whl", hash = "sha256:4721f391ed90541fddacab5acf947aa0d3dc7d27b2e1e8eda2be8970586c3274"},
    {file = "six-1.17.0.tar.gz", hash = "sha256:ff70335d468e7eb6ec65b95b99d3a2836546063f63acc5171de367e834932a81"},
]

[metadata]
lock-version = "2.0"
python-versions = "^3.10"
content-hash = "3f1d841b2284b841b2f2af96b07c597188029a7c992e0aba3eca452fb6c7d660"
